Microsoft Visual Studio Solution File, Format Version 11.00
# Visual Studio 2010
Project("{8BC9CEB8-8B4A-11D0-8D11-00A0C91BC942}") = "find_if", "Techniken\Techniken.vcxproj", "{BA30C8FA-1C16-478A-A6D7-134DB50F0BA7}"
EndProject
Project("{8BC9CEB8-8B4A-11D0-8D11-00A0C91BC942}") = "map", "map\map.vcxproj", "{3E3A8E5C-499B-427C-BF3F-2F9EBF10D95A}"
EndProject
Project("{8BC9CEB8-8B4A-11D0-8D11-00A0C91BC942}") = "structs", "structs\structs.vcxproj", "{120A9AFB-4E39-46BA-A2CB-A9CDBBECC93A}"
EndProject
Project("{8BC9CEB8-8B4A-11D0-8D11-00A0C91BC942}") = "queue", "queue\queue.vcxproj", "{D13174E4-85FF-45B6-BEE9-55AC3F4E101B}"
EndProject
Project("{8BC9CEB8-8B4A-11D0-8D11-00A0C91BC942}") = "XMas", "XMas\XMas.vcxproj", "{2DCBB08B-24C9-4DF9-BD2A-432660BF1DFB}"
EndProject
Project("{8BC9CEB8-8B4A-11D0-8D11-00A0C91BC942}") = "reference", "reference\reference.vcxproj", "{51DDC1F7-5CCB-4525-AC77-2F2C06914639}"
EndProject
Project("{8BC9CEB8-8B4A-11D0-8D11-00A0C91BC942}") = "IdentifierToString", "IdentifierToString\IdentifierToString.vcxproj", "{A3E2B9F6-3985-4BEB-8D66-0FA27533D5C8}"
EndProject
Project("{8BC9CEB8-8B4A-11D0-8D11-00A0C91BC942}") = "vector", "vector\vector.vcxproj", "{123933E4-A4B1-428B-B4C4-69BA80F0FDB5}"
EndProject
Project("{8BC9CEB8-8B4A-11D0-8D11-00A0C91BC942}") = "CompileTimeChecker", "CompileTimeChecker\CompileTimeChecker.vcxproj", "{73A91661-44E5-409D-975F-7230DC4ADDAB}"
EndProject
Project("{8BC9CEB8-8B4A-11D0-8D11-00A0C91BC942}") = "hash", "hash\hash.vcxproj", "{8556EC65-1289-4ADE-8DE3-DE958162B686}"
EndProject
Project("{8BC9CEB8-8B4A-11D0-8D11-00A0C91BC942}") = "mem_fun", "mem_fun\mem_fun.vcxproj", "{93821F69-45DC-4F06-9AB7-CC54A076618D}"
EndProject
Project("{8BC9CEB8-8B4A-11D0-8D11-00A0C91BC942}") = "function_pointer", "function_pointer\function_pointer.vcxproj", "{FD2AD00A-0B9F-4660-AA16-3CA62B101E44}"
EndProject
Project("{8BC9CEB8-8B4A-11D0-8D11-00A0C91BC942}") = "genric_callback", "genric_callback\genric_callback.vcxproj", "{719F8C39-725B-4C61-B404-7FC234486622}"
EndProject
Project("{8BC9CEB8-8B4A-11D0-8D11-00A0C91BC942}") = "LicenseUsbSimProgrammerGui", "LicenseUsbSimProgrammerGui\LicenseUsbSimProgrammerGui.vcxproj", "{7AAD1F33-A2E4-42FA-93C9-CB1A2352AC45}"
EndProject
Project("{8BC9CEB8-8B4A-11D0-8D11-00A0C91BC942}") = "StlAlgosWithProdLics", "StlAlgosWithProdLics\StlAlgosWithProdLics.vcxproj", "{51D7C474-7D62-49FA-AE52-64F432B89D9E}"
EndProject
Project("{8BC9CEB8-8B4A-11D0-8D11-00A0C91BC942}") = "ExplicitCtor", "ExplicitCtor\ExplicitCtor.vcxproj", "{1B046445-3086-443E-8966-F4EB6B3CA43B}"
EndProject
Project("{8BC9CEB8-8B4A-11D0-8D11-00A0C91BC942}") = "copy_if", "copy_if\copy_if.vcxproj", "{492E1E7E-F7B4-4E27-BCB7-B7036EE1BA3D}"
EndProject
Project("{8BC9CEB8-8B4A-11D0-8D11-00A0C91BC942}") = "map_iterator", "map_iterator\map_iterator.vcxproj", "{E2DDF359-5F9C-4B8F-BB66-4C40B39B89C9}"
EndProject
Project("{8BC9CEB8-8B4A-11D0-8D11-00A0C91BC942}") = "CallByValue", "CallByValue\CallByValue.vcxproj", "{406D9932-7740-40B9-9917-85EAAE818A27}"
EndProject
Project("{8BC9CEB8-8B4A-11D0-8D11-00A0C91BC942}") = "factorial", "factorial\factorial.vcxproj", "{7716A4E4-BE38-4FFF-A5A9-C0416048CF66}"
EndProject
Project("{8BC9CEB8-8B4A-11D0-8D11-00A0C91BC942}") = "VexingParseProblem", "VexingParseProblem\VexingParseProblem.vcxproj", "{94AD2CBC-A1EC-4ADE-BE4D-1283A5E319E5}"
EndProject
Project("{8BC9CEB8-8B4A-11D0-8D11-00A0C91BC942}") = "MirrorCtors", "MirrorCtors\MirrorCtors.vcxproj", "{49A71F32-9CF0-4F48-94FF-585E73B651E1}"
EndProject
Project("{8BC9CEB8-8B4A-11D0-8D11-00A0C91BC942}") = "ParamsOfSameType", "ParamsOfSameType\ParamsOfSameType.vcxproj", "{B460AB41-0560-459C-BA73-56D46C27BF84}"
EndProject
Project("{8BC9CEB8-8B4A-11D0-8D11-00A0C91BC942}") = "box", "box\box.vcxproj", "{09F2D27B-970A-418A-822C-BA4201CB7871}"
EndProject
Project("{8BC9CEB8-8B4A-11D0-8D11-00A0C91BC942}") = "ImplicitConversion", "ImplicitConversion\ImplicitConversion.vcxproj", "{96DD9143-C54D-42C5-B8E4-89440D3ADC09}"
EndProject
Project("{8BC9CEB8-8B4A-11D0-8D11-00A0C91BC942}") = "return_by_value", "return_by_value\return_by_value.vcxproj", "{B77651E9-10EA-4843-A89A-3CAB12318B71}"
EndProject
Project("{8BC9CEB8-8B4A-11D0-8D11-00A0C91BC942}") = "list", "list\list.vcxproj", "{9716356F-2712-46E0-80A7-8D7EB0E0627C}"
EndProject
Project("{8BC9CEB8-8B4A-11D0-8D11-00A0C91BC942}") = "transform", "transform\transform.vcxproj", "{F50954A8-C60E-4B93-BA23-AE0D1724FBC6}"
EndProject
Project("{8BC9CEB8-8B4A-11D0-8D11-00A0C91BC942}") = "_if", "_if\_if.vcxproj", "{20157A7D-9C7A-4F1F-A0E4-2E1182E33B9E}"
EndProject
Project("{8BC9CEB8-8B4A-11D0-8D11-00A0C91BC942}") = "algorithm", "algorithm\algorithm.vcxproj", "{B0109CDF-802B-42FA-89E8-3BA2C2BAF393}"
EndProject
Project("{8BC9CEB8-8B4A-11D0-8D11-00A0C91BC942}") = "ctor", "ctor\ctor.vcxproj", "{E61A60D2-1D02-4D28-A56F-F20618D1B0DE}"
EndProject
Project("{8BC9CEB8-8B4A-11D0-8D11-00A0C91BC942}") = "VirtualVsAbstract", "VirtualVsAbstract\VirtualVsAbstract.vcxproj", "{50522B75-F871-47BC-A1BD-B912030803E0}"
EndProject
Project("{8BC9CEB8-8B4A-11D0-8D11-00A0C91BC942}") = "EnumToString", "EnumToString\EnumToString.vcxproj", "{DAFF8FA8-1C20-4942-8763-F687A9AE9DAF}"
EndProject
Project("{8BC9CEB8-8B4A-11D0-8D11-00A0C91BC942}") = "interfaces", "interfaces\interfaces.vcxproj", "{C264A76E-F630-4157-983D-16E5E9F12D8A}"
EndProject
Project("{8BC9CEB8-8B4A-11D0-8D11-00A0C91BC942}") = "pointer_ref_pointer", "pointer_ref_pointer\pointer_ref_pointer.vcxproj", "{315A9F66-014B-4C49-B267-86EFAC44FCF5}"
EndProject
Project("{8BC9CEB8-8B4A-11D0-8D11-00A0C91BC942}") = "template_template_parameter", "template_template_parameter\template_template_parameter.vcxproj", "{2CE1745C-0F3D-4DC4-8251-7530346C1678}"
EndProject
Project("{8BC9CEB8-8B4A-11D0-8D11-00A0C91BC942}") = "tags", "tags\tags.vcxproj", "{2F62FBCA-854B-44DC-A5B3-2278EE512108}"
EndProject
Project("{8BC9CEB8-8B4A-11D0-8D11-00A0C91BC942}") = "the_descriptor", "the_descriptor\the_descriptor.vcxproj", "{1B6C16EF-A059-4A3C-B0DE-81A532AB6A7C}"
EndProject
Project("{8BC9CEB8-8B4A-11D0-8D11-00A0C91BC942}") = "advance", "advance\advance.vcxproj", "{A059C09C-5EFE-47C9-81B4-35E6283C15A3}"
EndProject
Project("{8BC9CEB8-8B4A-11D0-8D11-00A0C91BC942}") = "ctorImprovements", "ctorImprovements\ctorImprovements.vcxproj", "{215C8FAD-AACA-4AED-B067-F98E8E81492E}"
EndProject
Project("{8BC9CEB8-8B4A-11D0-8D11-00A0C91BC942}") = "ContPrettyPrint", "ContPrettyPrint\ContPrettyPrint.vcxproj", "{68EC2733-DC5F-45C9-9B91-21602D375D75}"
EndProject
Project("{8BC9CEB8-8B4A-11D0-8D11-00A0C91BC942}") = "expl_templ_inst", "expl_templ_inst\expl_templ_inst.vcxproj", "{0308934C-B2DF-48F6-AD29-1B5AF07883EE}"
EndProject
Project("{8BC9CEB8-8B4A-11D0-8D11-00A0C91BC942}") = "main", "main\main.vcxproj", "{8185938D-499A-45EB-B884-255D1FEC95F4}"
EndProject
Project("{8BC9CEB8-8B4A-11D0-8D11-00A0C91BC942}") = "copy_and_swap", "copy_and_swap\copy_and_swap.vcxproj", "{D8E34166-D127-4C46-910C-399E111CA8E4}"
EndProject
Project("{8BC9CEB8-8B4A-11D0-8D11-00A0C91BC942}") = "rvalue_references", "rvalue_references\rvalue_references.vcxproj", "{6D942160-7BC1-41DB-ABCA-3A34F5EC8CC3}"
EndProject
Global
	GlobalSection(SolutionConfigurationPlatforms) = preSolution
		Debug|Win32 = Debug|Win32
		Release|Win32 = Release|Win32
	EndGlobalSection
	GlobalSection(ProjectConfigurationPlatforms) = postSolution
		{BA30C8FA-1C16-478A-A6D7-134DB50F0BA7}.Debug|Win32.ActiveCfg = Debug|Win32
		{BA30C8FA-1C16-478A-A6D7-134DB50F0BA7}.Debug|Win32.Build.0 = Debug|Win32
		{BA30C8FA-1C16-478A-A6D7-134DB50F0BA7}.Release|Win32.ActiveCfg = Release|Win32
		{BA30C8FA-1C16-478A-A6D7-134DB50F0BA7}.Release|Win32.Build.0 = Release|Win32
		{3E3A8E5C-499B-427C-BF3F-2F9EBF10D95A}.Debug|Win32.ActiveCfg = Debug|Win32
		{3E3A8E5C-499B-427C-BF3F-2F9EBF10D95A}.Debug|Win32.Build.0 = Debug|Win32
		{3E3A8E5C-499B-427C-BF3F-2F9EBF10D95A}.Release|Win32.ActiveCfg = Release|Win32
		{3E3A8E5C-499B-427C-BF3F-2F9EBF10D95A}.Release|Win32.Build.0 = Release|Win32
		{120A9AFB-4E39-46BA-A2CB-A9CDBBECC93A}.Debug|Win32.ActiveCfg = Debug|Win32
		{120A9AFB-4E39-46BA-A2CB-A9CDBBECC93A}.Debug|Win32.Build.0 = Debug|Win32
		{120A9AFB-4E39-46BA-A2CB-A9CDBBECC93A}.Release|Win32.ActiveCfg = Release|Win32
		{120A9AFB-4E39-46BA-A2CB-A9CDBBECC93A}.Release|Win32.Build.0 = Release|Win32
		{D13174E4-85FF-45B6-BEE9-55AC3F4E101B}.Debug|Win32.ActiveCfg = Debug|Win32
		{D13174E4-85FF-45B6-BEE9-55AC3F4E101B}.Debug|Win32.Build.0 = Debug|Win32
		{D13174E4-85FF-45B6-BEE9-55AC3F4E101B}.Release|Win32.ActiveCfg = Release|Win32
		{D13174E4-85FF-45B6-BEE9-55AC3F4E101B}.Release|Win32.Build.0 = Release|Win32
		{2DCBB08B-24C9-4DF9-BD2A-432660BF1DFB}.Debug|Win32.ActiveCfg = Debug|Win32
		{2DCBB08B-24C9-4DF9-BD2A-432660BF1DFB}.Debug|Win32.Build.0 = Debug|Win32
		{2DCBB08B-24C9-4DF9-BD2A-432660BF1DFB}.Release|Win32.ActiveCfg = Release|Win32
		{2DCBB08B-24C9-4DF9-BD2A-432660BF1DFB}.Release|Win32.Build.0 = Release|Win32
		{51DDC1F7-5CCB-4525-AC77-2F2C06914639}.Debug|Win32.ActiveCfg = Debug|Win32
		{51DDC1F7-5CCB-4525-AC77-2F2C06914639}.Debug|Win32.Build.0 = Debug|Win32
		{51DDC1F7-5CCB-4525-AC77-2F2C06914639}.Release|Win32.ActiveCfg = Release|Win32
		{51DDC1F7-5CCB-4525-AC77-2F2C06914639}.Release|Win32.Build.0 = Release|Win32
		{A3E2B9F6-3985-4BEB-8D66-0FA27533D5C8}.Debug|Win32.ActiveCfg = Debug|Win32
		{A3E2B9F6-3985-4BEB-8D66-0FA27533D5C8}.Debug|Win32.Build.0 = Debug|Win32
		{A3E2B9F6-3985-4BEB-8D66-0FA27533D5C8}.Release|Win32.ActiveCfg = Release|Win32
		{A3E2B9F6-3985-4BEB-8D66-0FA27533D5C8}.Release|Win32.Build.0 = Release|Win32
		{123933E4-A4B1-428B-B4C4-69BA80F0FDB5}.Debug|Win32.ActiveCfg = Debug|Win32
		{123933E4-A4B1-428B-B4C4-69BA80F0FDB5}.Debug|Win32.Build.0 = Debug|Win32
		{123933E4-A4B1-428B-B4C4-69BA80F0FDB5}.Release|Win32.ActiveCfg = Release|Win32
		{123933E4-A4B1-428B-B4C4-69BA80F0FDB5}.Release|Win32.Build.0 = Release|Win32
		{73A91661-44E5-409D-975F-7230DC4ADDAB}.Debug|Win32.ActiveCfg = Debug|Win32
		{73A91661-44E5-409D-975F-7230DC4ADDAB}.Debug|Win32.Build.0 = Debug|Win32
		{73A91661-44E5-409D-975F-7230DC4ADDAB}.Release|Win32.ActiveCfg = Release|Win32
		{73A91661-44E5-409D-975F-7230DC4ADDAB}.Release|Win32.Build.0 = Release|Win32
		{8556EC65-1289-4ADE-8DE3-DE958162B686}.Debug|Win32.ActiveCfg = Debug|Win32
		{8556EC65-1289-4ADE-8DE3-DE958162B686}.Debug|Win32.Build.0 = Debug|Win32
		{8556EC65-1289-4ADE-8DE3-DE958162B686}.Release|Win32.ActiveCfg = Release|Win32
		{8556EC65-1289-4ADE-8DE3-DE958162B686}.Release|Win32.Build.0 = Release|Win32
		{93821F69-45DC-4F06-9AB7-CC54A076618D}.Debug|Win32.ActiveCfg = Debug|Win32
		{93821F69-45DC-4F06-9AB7-CC54A076618D}.Debug|Win32.Build.0 = Debug|Win32
		{93821F69-45DC-4F06-9AB7-CC54A076618D}.Release|Win32.ActiveCfg = Release|Win32
		{93821F69-45DC-4F06-9AB7-CC54A076618D}.Release|Win32.Build.0 = Release|Win32
		{FD2AD00A-0B9F-4660-AA16-3CA62B101E44}.Debug|Win32.ActiveCfg = Debug|Win32
		{FD2AD00A-0B9F-4660-AA16-3CA62B101E44}.Debug|Win32.Build.0 = Debug|Win32
		{FD2AD00A-0B9F-4660-AA16-3CA62B101E44}.Release|Win32.ActiveCfg = Release|Win32
		{FD2AD00A-0B9F-4660-AA16-3CA62B101E44}.Release|Win32.Build.0 = Release|Win32
		{719F8C39-725B-4C61-B404-7FC234486622}.Debug|Win32.ActiveCfg = Debug|Win32
		{719F8C39-725B-4C61-B404-7FC234486622}.Debug|Win32.Build.0 = Debug|Win32
		{719F8C39-725B-4C61-B404-7FC234486622}.Release|Win32.ActiveCfg = Release|Win32
		{719F8C39-725B-4C61-B404-7FC234486622}.Release|Win32.Build.0 = Release|Win32
		{7AAD1F33-A2E4-42FA-93C9-CB1A2352AC45}.Debug|Win32.ActiveCfg = Debug|Win32
		{7AAD1F33-A2E4-42FA-93C9-CB1A2352AC45}.Debug|Win32.Build.0 = Debug|Win32
		{7AAD1F33-A2E4-42FA-93C9-CB1A2352AC45}.Release|Win32.ActiveCfg = Release|Win32
		{7AAD1F33-A2E4-42FA-93C9-CB1A2352AC45}.Release|Win32.Build.0 = Release|Win32
		{51D7C474-7D62-49FA-AE52-64F432B89D9E}.Debug|Win32.ActiveCfg = Debug|Win32
		{51D7C474-7D62-49FA-AE52-64F432B89D9E}.Debug|Win32.Build.0 = Debug|Win32
		{51D7C474-7D62-49FA-AE52-64F432B89D9E}.Release|Win32.ActiveCfg = Release|Win32
		{51D7C474-7D62-49FA-AE52-64F432B89D9E}.Release|Win32.Build.0 = Release|Win32
		{1B046445-3086-443E-8966-F4EB6B3CA43B}.Debug|Win32.ActiveCfg = Debug|Win32
		{1B046445-3086-443E-8966-F4EB6B3CA43B}.Debug|Win32.Build.0 = Debug|Win32
		{1B046445-3086-443E-8966-F4EB6B3CA43B}.Release|Win32.ActiveCfg = Release|Win32
		{1B046445-3086-443E-8966-F4EB6B3CA43B}.Release|Win32.Build.0 = Release|Win32
		{492E1E7E-F7B4-4E27-BCB7-B7036EE1BA3D}.Debug|Win32.ActiveCfg = Debug|Win32
		{492E1E7E-F7B4-4E27-BCB7-B7036EE1BA3D}.Debug|Win32.Build.0 = Debug|Win32
		{492E1E7E-F7B4-4E27-BCB7-B7036EE1BA3D}.Release|Win32.ActiveCfg = Release|Win32
		{492E1E7E-F7B4-4E27-BCB7-B7036EE1BA3D}.Release|Win32.Build.0 = Release|Win32
		{E2DDF359-5F9C-4B8F-BB66-4C40B39B89C9}.Debug|Win32.ActiveCfg = Debug|Win32
		{E2DDF359-5F9C-4B8F-BB66-4C40B39B89C9}.Debug|Win32.Build.0 = Debug|Win32
		{E2DDF359-5F9C-4B8F-BB66-4C40B39B89C9}.Release|Win32.ActiveCfg = Release|Win32
		{E2DDF359-5F9C-4B8F-BB66-4C40B39B89C9}.Release|Win32.Build.0 = Release|Win32
		{406D9932-7740-40B9-9917-85EAAE818A27}.Debug|Win32.ActiveCfg = Debug|Win32
		{406D9932-7740-40B9-9917-85EAAE818A27}.Debug|Win32.Build.0 = Debug|Win32
		{406D9932-7740-40B9-9917-85EAAE818A27}.Release|Win32.ActiveCfg = Release|Win32
		{406D9932-7740-40B9-9917-85EAAE818A27}.Release|Win32.Build.0 = Release|Win32
		{7716A4E4-BE38-4FFF-A5A9-C0416048CF66}.Debug|Win32.ActiveCfg = Debug|Win32
		{7716A4E4-BE38-4FFF-A5A9-C0416048CF66}.Debug|Win32.Build.0 = Debug|Win32
		{7716A4E4-BE38-4FFF-A5A9-C0416048CF66}.Release|Win32.ActiveCfg = Release|Win32
		{7716A4E4-BE38-4FFF-A5A9-C0416048CF66}.Release|Win32.Build.0 = Release|Win32
		{94AD2CBC-A1EC-4ADE-BE4D-1283A5E319E5}.Debug|Win32.ActiveCfg = Debug|Win32
		{94AD2CBC-A1EC-4ADE-BE4D-1283A5E319E5}.Debug|Win32.Build.0 = Debug|Win32
		{94AD2CBC-A1EC-4ADE-BE4D-1283A5E319E5}.Release|Win32.ActiveCfg = Release|Win32
		{94AD2CBC-A1EC-4ADE-BE4D-1283A5E319E5}.Release|Win32.Build.0 = Release|Win32
		{49A71F32-9CF0-4F48-94FF-585E73B651E1}.Debug|Win32.ActiveCfg = Debug|Win32
		{49A71F32-9CF0-4F48-94FF-585E73B651E1}.Debug|Win32.Build.0 = Debug|Win32
		{49A71F32-9CF0-4F48-94FF-585E73B651E1}.Release|Win32.ActiveCfg = Release|Win32
		{49A71F32-9CF0-4F48-94FF-585E73B651E1}.Release|Win32.Build.0 = Release|Win32
		{B460AB41-0560-459C-BA73-56D46C27BF84}.Debug|Win32.ActiveCfg = Debug|Win32
		{B460AB41-0560-459C-BA73-56D46C27BF84}.Debug|Win32.Build.0 = Debug|Win32
		{B460AB41-0560-459C-BA73-56D46C27BF84}.Release|Win32.ActiveCfg = Release|Win32
		{B460AB41-0560-459C-BA73-56D46C27BF84}.Release|Win32.Build.0 = Release|Win32
		{09F2D27B-970A-418A-822C-BA4201CB7871}.Debug|Win32.ActiveCfg = Debug|Win32
		{09F2D27B-970A-418A-822C-BA4201CB7871}.Debug|Win32.Build.0 = Debug|Win32
		{09F2D27B-970A-418A-822C-BA4201CB7871}.Release|Win32.ActiveCfg = Release|Win32
		{09F2D27B-970A-418A-822C-BA4201CB7871}.Release|Win32.Build.0 = Release|Win32
		{96DD9143-C54D-42C5-B8E4-89440D3ADC09}.Debug|Win32.ActiveCfg = Debug|Win32
		{96DD9143-C54D-42C5-B8E4-89440D3ADC09}.Debug|Win32.Build.0 = Debug|Win32
		{96DD9143-C54D-42C5-B8E4-89440D3ADC09}.Release|Win32.ActiveCfg = Release|Win32
		{96DD9143-C54D-42C5-B8E4-89440D3ADC09}.Release|Win32.Build.0 = Release|Win32
		{B77651E9-10EA-4843-A89A-3CAB12318B71}.Debug|Win32.ActiveCfg = Debug|Win32
		{B77651E9-10EA-4843-A89A-3CAB12318B71}.Debug|Win32.Build.0 = Debug|Win32
		{B77651E9-10EA-4843-A89A-3CAB12318B71}.Release|Win32.ActiveCfg = Release|Win32
		{B77651E9-10EA-4843-A89A-3CAB12318B71}.Release|Win32.Build.0 = Release|Win32
		{9716356F-2712-46E0-80A7-8D7EB0E0627C}.Debug|Win32.ActiveCfg = Debug|Win32
		{9716356F-2712-46E0-80A7-8D7EB0E0627C}.Debug|Win32.Build.0 = Debug|Win32
		{9716356F-2712-46E0-80A7-8D7EB0E0627C}.Release|Win32.ActiveCfg = Release|Win32
		{9716356F-2712-46E0-80A7-8D7EB0E0627C}.Release|Win32.Build.0 = Release|Win32
		{F50954A8-C60E-4B93-BA23-AE0D1724FBC6}.Debug|Win32.ActiveCfg = Debug|Win32
		{F50954A8-C60E-4B93-BA23-AE0D1724FBC6}.Debug|Win32.Build.0 = Debug|Win32
		{F50954A8-C60E-4B93-BA23-AE0D1724FBC6}.Release|Win32.ActiveCfg = Release|Win32
		{F50954A8-C60E-4B93-BA23-AE0D1724FBC6}.Release|Win32.Build.0 = Release|Win32
		{20157A7D-9C7A-4F1F-A0E4-2E1182E33B9E}.Debug|Win32.ActiveCfg = Debug|Win32
		{20157A7D-9C7A-4F1F-A0E4-2E1182E33B9E}.Debug|Win32.Build.0 = Debug|Win32
		{20157A7D-9C7A-4F1F-A0E4-2E1182E33B9E}.Release|Win32.ActiveCfg = Release|Win32
		{20157A7D-9C7A-4F1F-A0E4-2E1182E33B9E}.Release|Win32.Build.0 = Release|Win32
		{B0109CDF-802B-42FA-89E8-3BA2C2BAF393}.Debug|Win32.ActiveCfg = Debug|Win32
		{B0109CDF-802B-42FA-89E8-3BA2C2BAF393}.Debug|Win32.Build.0 = Debug|Win32
		{B0109CDF-802B-42FA-89E8-3BA2C2BAF393}.Release|Win32.ActiveCfg = Release|Win32
		{B0109CDF-802B-42FA-89E8-3BA2C2BAF393}.Release|Win32.Build.0 = Release|Win32
		{E61A60D2-1D02-4D28-A56F-F20618D1B0DE}.Debug|Win32.ActiveCfg = Debug|Win32
		{E61A60D2-1D02-4D28-A56F-F20618D1B0DE}.Debug|Win32.Build.0 = Debug|Win32
		{E61A60D2-1D02-4D28-A56F-F20618D1B0DE}.Release|Win32.ActiveCfg = Release|Win32
		{E61A60D2-1D02-4D28-A56F-F20618D1B0DE}.Release|Win32.Build.0 = Release|Win32
		{50522B75-F871-47BC-A1BD-B912030803E0}.Debug|Win32.ActiveCfg = Debug|Win32
		{50522B75-F871-47BC-A1BD-B912030803E0}.Debug|Win32.Build.0 = Debug|Win32
		{50522B75-F871-47BC-A1BD-B912030803E0}.Release|Win32.ActiveCfg = Release|Win32
		{50522B75-F871-47BC-A1BD-B912030803E0}.Release|Win32.Build.0 = Release|Win32
		{DAFF8FA8-1C20-4942-8763-F687A9AE9DAF}.Debug|Win32.ActiveCfg = Debug|Win32
		{DAFF8FA8-1C20-4942-8763-F687A9AE9DAF}.Debug|Win32.Build.0 = Debug|Win32
		{DAFF8FA8-1C20-4942-8763-F687A9AE9DAF}.Release|Win32.ActiveCfg = Release|Win32
		{DAFF8FA8-1C20-4942-8763-F687A9AE9DAF}.Release|Win32.Build.0 = Release|Win32
		{C264A76E-F630-4157-983D-16E5E9F12D8A}.Debug|Win32.ActiveCfg = Debug|Win32
		{C264A76E-F630-4157-983D-16E5E9F12D8A}.Debug|Win32.Build.0 = Debug|Win32
		{C264A76E-F630-4157-983D-16E5E9F12D8A}.Release|Win32.ActiveCfg = Release|Win32
		{C264A76E-F630-4157-983D-16E5E9F12D8A}.Release|Win32.Build.0 = Release|Win32
		{315A9F66-014B-4C49-B267-86EFAC44FCF5}.Debug|Win32.ActiveCfg = Debug|Win32
		{315A9F66-014B-4C49-B267-86EFAC44FCF5}.Debug|Win32.Build.0 = Debug|Win32
		{315A9F66-014B-4C49-B267-86EFAC44FCF5}.Release|Win32.ActiveCfg = Release|Win32
		{315A9F66-014B-4C49-B267-86EFAC44FCF5}.Release|Win32.Build.0 = Release|Win32
		{2CE1745C-0F3D-4DC4-8251-7530346C1678}.Debug|Win32.ActiveCfg = Debug|Win32
		{2CE1745C-0F3D-4DC4-8251-7530346C1678}.Debug|Win32.Build.0 = Debug|Win32
		{2CE1745C-0F3D-4DC4-8251-7530346C1678}.Release|Win32.ActiveCfg = Release|Win32
		{2CE1745C-0F3D-4DC4-8251-7530346C1678}.Release|Win32.Build.0 = Release|Win32
		{2F62FBCA-854B-44DC-A5B3-2278EE512108}.Debug|Win32.ActiveCfg = Debug|Win32
		{2F62FBCA-854B-44DC-A5B3-2278EE512108}.Debug|Win32.Build.0 = Debug|Win32
		{2F62FBCA-854B-44DC-A5B3-2278EE512108}.Release|Win32.ActiveCfg = Release|Win32
		{2F62FBCA-854B-44DC-A5B3-2278EE512108}.Release|Win32.Build.0 = Release|Win32
		{1B6C16EF-A059-4A3C-B0DE-81A532AB6A7C}.Debug|Win32.ActiveCfg = Debug|Win32
		{1B6C16EF-A059-4A3C-B0DE-81A532AB6A7C}.Debug|Win32.Build.0 = Debug|Win32
		{1B6C16EF-A059-4A3C-B0DE-81A532AB6A7C}.Release|Win32.ActiveCfg = Release|Win32
		{1B6C16EF-A059-4A3C-B0DE-81A532AB6A7C}.Release|Win32.Build.0 = Release|Win32
		{A059C09C-5EFE-47C9-81B4-35E6283C15A3}.Debug|Win32.ActiveCfg = Debug|Win32
		{A059C09C-5EFE-47C9-81B4-35E6283C15A3}.Debug|Win32.Build.0 = Debug|Win32
		{A059C09C-5EFE-47C9-81B4-35E6283C15A3}.Release|Win32.ActiveCfg = Release|Win32
		{A059C09C-5EFE-47C9-81B4-35E6283C15A3}.Release|Win32.Build.0 = Release|Win32
		{215C8FAD-AACA-4AED-B067-F98E8E81492E}.Debug|Win32.ActiveCfg = Debug|Win32
		{215C8FAD-AACA-4AED-B067-F98E8E81492E}.Debug|Win32.Build.0 = Debug|Win32
		{215C8FAD-AACA-4AED-B067-F98E8E81492E}.Release|Win32.ActiveCfg = Release|Win32
		{215C8FAD-AACA-4AED-B067-F98E8E81492E}.Release|Win32.Build.0 = Release|Win32
		{68EC2733-DC5F-45C9-9B91-21602D375D75}.Debug|Win32.ActiveCfg = Debug|Win32
		{68EC2733-DC5F-45C9-9B91-21602D375D75}.Debug|Win32.Build.0 = Debug|Win32
		{68EC2733-DC5F-45C9-9B91-21602D375D75}.Release|Win32.ActiveCfg = Release|Win32
		{68EC2733-DC5F-45C9-9B91-21602D375D75}.Release|Win32.Build.0 = Release|Win32
		{0308934C-B2DF-48F6-AD29-1B5AF07883EE}.Debug|Win32.ActiveCfg = Debug|Win32
		{0308934C-B2DF-48F6-AD29-1B5AF07883EE}.Debug|Win32.Build.0 = Debug|Win32
		{0308934C-B2DF-48F6-AD29-1B5AF07883EE}.Release|Win32.ActiveCfg = Release|Win32
		{0308934C-B2DF-48F6-AD29-1B5AF07883EE}.Release|Win32.Build.0 = Release|Win32
		{8185938D-499A-45EB-B884-255D1FEC95F4}.Debug|Win32.ActiveCfg = Debug|Win32
		{8185938D-499A-45EB-B884-255D1FEC95F4}.Debug|Win32.Build.0 = Debug|Win32
		{8185938D-499A-45EB-B884-255D1FEC95F4}.Release|Win32.ActiveCfg = Release|Win32
		{8185938D-499A-45EB-B884-255D1FEC95F4}.Release|Win32.Build.0 = Release|Win32
		{D8E34166-D127-4C46-910C-399E111CA8E4}.Debug|Win32.ActiveCfg = Debug|Win32
		{D8E34166-D127-4C46-910C-399E111CA8E4}.Debug|Win32.Build.0 = Debug|Win32
		{D8E34166-D127-4C46-910C-399E111CA8E4}.Release|Win32.ActiveCfg = Release|Win32
		{D8E34166-D127-4C46-910C-399E111CA8E4}.Release|Win32.Build.0 = Release|Win32
		{6D942160-7BC1-41DB-ABCA-3A34F5EC8CC3}.Debug|Win32.ActiveCfg = Debug|Win32
		{6D942160-7BC1-41DB-ABCA-3A34F5EC8CC3}.Debug|Win32.Build.0 = Debug|Win32
		{6D942160-7BC1-41DB-ABCA-3A34F5EC8CC3}.Release|Win32.ActiveCfg = Release|Win32
		{6D942160-7BC1-41DB-ABCA-3A34F5EC8CC3}.Release|Win32.Build.0 = Release|Win32
	EndGlobalSection
	GlobalSection(SolutionProperties) = preSolution
		HideSolutionNode = FALSE
	EndGlobalSection
EndGlobal
